
Microsoft Visual Studio Solution File, Format Version 11.00
# Visual Studio 2010
Project("{8BC9CEB8-8B4A-11D0-8D11-00A0C91BC942}") = "test", "test\test.vcxproj", "{252AF4EF-98F6-42D1-87B7-4971EA8C518C}"
EndProject
Global
	GlobalSection(SolutionConfigurationPlatforms) = preSolution
		Debug|Win32 = Debug|Win32
		Release|Win32 = Release|Win32
	EndGlobalSection
	GlobalSection(ProjectConfigurationPlatforms) = postSolution
		{252AF4EF-98F6-42D1-87B7-4971EA8C518C}.Debug|Win32.ActiveCfg = Debug|Win32
		{252AF4EF-98F6-42D1-87B7-4971EA8C518C}.Debug|Win32.Build.0 = Debug|Win32
		{252AF4EF-98F6-42D1-87B7-4971EA8C518C}.Release|Win32.ActiveCfg = Release|Win32
		{252AF4EF-98F6-42D1-87B7-4971EA8C518C}.Release|Win32.Build.0 = Release|Win32
	EndGlobalSection
	GlobalSection(SolutionProperties) = preSolution
		HideSolutionNode = FALSE
	EndGlobalSection
EndGlobal
